// !$*UTF8*$!
{
	archiveVersion = 1;
	classes = {
	};
	objectVersion = 50;
	objects = {

/* Begin PBXBuildFile section */
		60D39A8F22DDCAC100ADE659 /* AppDelegate.swift in Sources */ = {isa = PBXBuildFile; fileRef = 60D39A8E22DDCAC100ADE659 /* AppDelegate.swift */; };
		60D39A9122DDCAC100ADE659 /* ViewController.swift in Sources */ = {isa = PBXBuildFile; fileRef = 60D39A9022DDCAC100ADE659 /* ViewController.swift */; };
		60D39A9422DDCAC100ADE659 /* Main.storyboard in Resources */ = {isa = PBXBuildFile; fileRef = 60D39A9222DDCAC100ADE659 /* Main.storyboard */; };
		60D39A9622DDCAC100ADE659 /* Assets.xcassets in Resources */ = {isa = PBXBuildFile; fileRef = 60D39A9522DDCAC100ADE659 /* Assets.xcassets */; };
		60D39A9922DDCAC100ADE659 /* LaunchScreen.storyboard in Resources */ = {isa = PBXBuildFile; fileRef = 60D39A9722DDCAC100ADE659 /* LaunchScreen.storyboard */; };
		60D39AA422DDCAC200ADE659 /* arufreeTests.swift in Sources */ = {isa = PBXBuildFile; fileRef = 60D39AA322DDCAC200ADE659 /* arufreeTests.swift */; };
		60D39AAF22DDCAC200ADE659 /* arufreeUITests.swift in Sources */ = {isa = PBXBuildFile; fileRef = 60D39AAE22DDCAC200ADE659 /* arufreeUITests.swift */; };
/* End PBXBuildFile section */

/* Begin PBXContainerItemProxy section */
		60D39AA022DDCAC200ADE659 /* PBXContainerItemProxy */ = {
			isa = PBXContainerItemProxy;
			containerPortal = 60D39A8322DDCAC100ADE659 /* Project object */;
			proxyType = 1;
			remoteGlobalIDString = 60D39A8A22DDCAC100ADE659;
			remoteInfo = arufree;
		};
		60D39AAB22DDCAC200ADE659 /* PBXContainerItemProxy */ = {
			isa = PBXContainerItemProxy;
			containerPortal = 60D39A8322DDCAC100ADE659 /* Project object */;
			proxyType = 1;
			remoteGlobalIDString = 60D39A8A22DDCAC100ADE659;
			remoteInfo = arufree;
		};
/* End PBXContainerItemProxy section */

/* Begin PBXFileReference section */
		60D39A8B22DDCAC100ADE659 /* arufree.app */ = {isa = PBXFileReference; explicitFileType = wrapper.application; includeInIndex = 0; path = arufree.app; sourceTree = BUILT_PRODUCTS_DIR; };
		60D39A8E22DDCAC100ADE659 /* AppDelegate.swift */ = {isa = PBXFileReference; lastKnownFileType = sourcecode.swift; path = AppDelegate.swift; sourceTree = "<group>"; };
		60D39A9022DDCAC100ADE659 /* ViewController.swift */ = {isa = PBXFileReference; lastKnownFileType = sourcecode.swift; path = ViewController.swift; sourceTree = "<group>"; };
		60D39A9322DDCAC100ADE659 /* Base */ = {isa = PBXFileReference; lastKnownFileType = file.storyboard; name = Base; path = Base.lproj/Main.storyboard; sourceTree = "<group>"; };
		60D39A9522DDCAC100ADE659 /* Assets.xcassets */ = {isa = PBXFileReference; lastKnownFileType = folder.assetcatalog; path = Assets.xcassets; sourceTree = "<group>"; };
		60D39A9822DDCAC100ADE659 /* Base */ = {isa = PBXFileReference; lastKnownFileType = file.storyboard; name = Base; path = Base.lproj/LaunchScreen.storyboard; sourceTree = "<group>"; };
		60D39A9A22DDCAC100ADE659 /* Info.plist */ = {isa = PBXFileReference; lastKnownFileType = text.plist.xml; path = Info.plist; sourceTree = "<group>"; };
		60D39A9F22DDCAC200ADE659 /* arufreeTests.xctest */ = {isa = PBXFileReference; explicitFileType = wrapper.cfbundle; includeInIndex = 0; path = arufreeTests.xctest; sourceTree = BUILT_PRODUCTS_DIR; };
		60D39AA322DDCAC200ADE659 /* arufreeTests.swift */ = {isa = PBXFileReference; lastKnownFileType = sourcecode.swift; path = arufreeTests.swift; sourceTree = "<group>"; };
		60D39AA522DDCAC200ADE659 /* Info.plist */ = {isa = PBXFileReference; lastKnownFileType = text.plist.xml; path = Info.plist; sourceTree = "<group>"; };
		60D39AAA22DDCAC200ADE659 /* arufreeUITests.xctest */ = {isa = PBXFileReference; explicitFileType = wrapper.cfbundle; includeInIndex = 0; path = arufreeUITests.xctest; sourceTree = BUILT_PRODUCTS_DIR; };
		60D39AAE22DDCAC200ADE659 /* arufreeUITests.swift */ = {isa = PBXFileReference; lastKnownFileType = sourcecode.swift; path = arufreeUITests.swift; sourceTree = "<group>"; };
		60D39AB022DDCAC200ADE659 /* Info.plist */ = {isa = PBXFileReference; lastKnownFileType = text.plist.xml; path = Info.plist; sourceTree = "<group>"; };
/* End PBXFileReference section */

/* Begin PBXFrameworksBuildPhase section */
		60D39A8822DDCAC100ADE659 /* Frameworks */ = {
			isa = PBXFrameworksBuildPhase;
			buildActionMask = 2147483647;
			files = (
			);
			runOnlyForDeploymentPostprocessing = 0;
		};
		60D39A9C22DDCAC200ADE659 /* Frameworks */ = {
			isa = PBXFrameworksBuildPhase;
			buildActionMask = 2147483647;
			files = (
			);
			runOnlyForDeploymentPostprocessing = 0;
		};
		60D39AA722DDCAC200ADE659 /* Frameworks */ = {
			isa = PBXFrameworksBuildPhase;
			buildActionMask = 2147483647;
			files = (
			);
			runOnlyForDeploymentPostprocessing = 0;
		};
/* End PBXFrameworksBuildPhase section */

/* Begin PBXGroup section */
		60D39A8222DDCAC100ADE659 = {
			isa = PBXGroup;
			children = (
				60D39A8D22DDCAC100ADE659 /* arufree */,
				60D39AA222DDCAC200ADE659 /* arufreeTests */,
				60D39AAD22DDCAC200ADE659 /* arufreeUITests */,
				60D39A8C22DDCAC100ADE659 /* Products */,
			);
			sourceTree = "<group>";
		};
		60D39A8C22DDCAC100ADE659 /* Products */ = {
			isa = PBXGroup;
			children = (
				60D39A8B22DDCAC100ADE659 /* arufree.app */,
				60D39A9F22DDCAC200ADE659 /* arufreeTests.xctest */,
				60D39AAA22DDCAC200ADE659 /* arufreeUITests.xctest */,
			);
			name = Products;
			sourceTree = "<group>";
		};
		60D39A8D22DDCAC100ADE659 /* arufree */ = {
			isa = PBXGroup;
			children = (
				60D39A8E22DDCAC100ADE659 /* AppDelegate.swift */,
				60D39A9022DDCAC100ADE659 /* ViewController.swift */,
				60D39A9222DDCAC100ADE659 /* Main.storyboard */,
				60D39A9522DDCAC100ADE659 /* Assets.xcassets */,
				60D39A9722DDCAC100ADE659 /* LaunchScreen.storyboard */,
				60D39A9A22DDCAC100ADE659 /* Info.plist */,
			);
			path = arufree;
			sourceTree = "<group>";
		};
		60D39AA222DDCAC200ADE659 /* arufreeTests */ = {
			isa = PBXGroup;
			children = (
				60D39AA322DDCAC200ADE659 /* arufreeTests.swift */,
				60D39AA522DDCAC200ADE659 /* Info.plist */,
			);
			path = arufreeTests;
			sourceTree = "<group>";
		};
		60D39AAD22DDCAC200ADE659 /* arufreeUITests */ = {
			isa = PBXGroup;
			children = (
				60D39AAE22DDCAC200ADE659 /* arufreeUITests.swift */,
				60D39AB022DDCAC200ADE659 /* Info.plist */,
			);
			path = arufreeUITests;
			sourceTree = "<group>";
		};
/* End PBXGroup section */

/* Begin PBXNativeTarget section */
		60D39A8A22DDCAC100ADE659 /* arufree */ = {
			isa = PBXNativeTarget;
			buildConfigurationList = 60D39AB322DDCAC200ADE659 /* Build configuration list for PBXNativeTarget "arufree" */;
			buildPhases = (
				60D39A8722DDCAC100ADE659 /* Sources */,
				60D39A8822DDCAC100ADE659 /* Frameworks */,
				60D39A8922DDCAC100ADE659 /* Resources */,
			);
			buildRules = (
			);
			dependencies = (
			);
			name = arufree;
			productName = arufree;
			productReference = 60D39A8B22DDCAC100ADE659 /* arufree.app */;
			productType = "com.apple.product-type.application";
		};
		60D39A9E22DDCAC200ADE659 /* arufreeTests */ = {
			isa = PBXNativeTarget;
			buildConfigurationList = 60D39AB622DDCAC200ADE659 /* Build configuration list for PBXNativeTarget "arufreeTests" */;
			buildPhases = (
				60D39A9B22DDCAC200ADE659 /* Sources */,
				60D39A9C22DDCAC200ADE659 /* Frameworks */,
				60D39A9D22DDCAC200ADE659 /* Resources */,
			);
			buildRules = (
			);
			dependencies = (
				60D39AA122DDCAC200ADE659 /* PBXTargetDependency */,
			);
			name = arufreeTests;
			productName = arufreeTests;
			productReference = 60D39A9F22DDCAC200ADE659 /* arufreeTests.xctest */;
			productType = "com.apple.product-type.bundle.unit-test";
		};
		60D39AA922DDCAC200ADE659 /* arufreeUITests */ = {
			isa = PBXNativeTarget;
			buildConfigurationList = 60D39AB922DDCAC200ADE659 /* Build configuration list for PBXNativeTarget "arufreeUITests" */;
			buildPhases = (
				60D39AA622DDCAC200ADE659 /* Sources */,
				60D39AA722DDCAC200ADE659 /* Frameworks */,
				60D39AA822DDCAC200ADE659 /* Resources */,
			);
			buildRules = (
			);
			dependencies = (
				60D39AAC22DDCAC200ADE659 /* PBXTargetDependency */,
			);
			name = arufreeUITests;
			productName = arufreeUITests;
			productReference = 60D39AAA22DDCAC200ADE659 /* arufreeUITests.xctest */;
			productType = "com.apple.product-type.bundle.ui-testing";
		};
/* End PBXNativeTarget section */

/* Begin PBXProject section */
		60D39A8322DDCAC100ADE659 /* Project object */ = {
			isa = PBXProject;
			attributes = {
				LastSwiftUpdateCheck = 1020;
				LastUpgradeCheck = 1020;
				ORGANIZATIONNAME = "Jacob Kim";
				TargetAttributes = {
					60D39A8A22DDCAC100ADE659 = {
						CreatedOnToolsVersion = 10.2.1;
					};
					60D39A9E22DDCAC200ADE659 = {
						CreatedOnToolsVersion = 10.2.1;
						TestTargetID = 60D39A8A22DDCAC100ADE659;
					};
					60D39AA922DDCAC200ADE659 = {
						CreatedOnToolsVersion = 10.2.1;
						TestTargetID = 60D39A8A22DDCAC100ADE659;
					};
				};
			};
			buildConfigurationList = 60D39A8622DDCAC100ADE659 /* Build configuration list for PBXProject "arufree" */;
			compatibilityVersion = "Xcode 9.3";
			developmentRegion = en;
			hasScannedForEncodings = 0;
			knownRegions = (
				en,
				Base,
			);
			mainGroup = 60D39A8222DDCAC100ADE659;
			productRefGroup = 60D39A8C22DDCAC100ADE659 /* Products */;
			projectDirPath = "";
			projectRoot = "";
			targets = (
				60D39A8A22DDCAC100ADE659 /* arufree */,
				60D39A9E22DDCAC200ADE659 /* arufreeTests */,
				60D39AA922DDCAC200ADE659 /* arufreeUITests */,
			);
		};
/* End PBXProject section */

/* Begin PBXResourcesBuildPhase section */
		60D39A8922DDCAC100ADE659 /* Resources */ = {
			isa = PBXResourcesBuildPhase;
			buildActionMask = 2147483647;
			files = (
				60D39A9922DDCAC100ADE659 /* LaunchScreen.storyboard in Resources */,
				60D39A9622DDCAC100ADE659 /* Assets.xcassets in Resources */,
				60D39A9422DDCAC100ADE659 /* Main.storyboard in Resources */,
			);
			runOnlyForDeploymentPostprocessing = 0;
		};
		60D39A9D22DDCAC200ADE659 /* Resources */ = {
			isa = PBXResourcesBuildPhase;
			buildActionMask = 2147483647;
			files = (
			);
			runOnlyForDeploymentPostprocessing = 0;
		};
		60D39AA822DDCAC200ADE659 /* Resources */ = {
			isa = PBXResourcesBuildPhase;
			buildActionMask = 2147483647;
			files = (
			);
			runOnlyForDeploymentPostprocessing = 0;
		};
/* End PBXResourcesBuildPhase section */

/* Begin PBXSourcesBuildPhase section */
		60D39A8722DDCAC100ADE659 /* Sources */ = {
			isa = PBXSourcesBuildPhase;
			buildActionMask = 2147483647;
			files = (
				60D39A9122DDCAC100ADE659 /* ViewController.swift in Sources */,
				60D39A8F22DDCAC100ADE659 /* AppDelegate.swift in Sources */,
			);
			runOnlyForDeploymentPostprocessing = 0;
		};
		60D39A9B22DDCAC200ADE659 /* Sources */ = {
			isa = PBXSourcesBuildPhase;
			buildActionMask = 2147483647;
			files = (
				60D39AA422DDCAC200ADE659 /* arufreeTests.swift in Sources */,
			);
			runOnlyForDeploymentPostprocessing = 0;
		};
		60D39AA622DDCAC200ADE659 /* Sources */ = {
			isa = PBXSourcesBuildPhase;
			buildActionMask = 2147483647;
			files = (
				60D39AAF22DDCAC200ADE659 /* arufreeUITests.swift in Sources */,
			);
			runOnlyForDeploymentPostprocessing = 0;
		};
/* End PBXSourcesBuildPhase section */

/* Begin PBXTargetDependency section */
		60D39AA122DDCAC200ADE659 /* PBXTargetDependency */ = {
			isa = PBXTargetDependency;
			target = 60D39A8A22DDCAC100ADE659 /* arufree */;
			targetProxy = 60D39AA022DDCAC200ADE659 /* PBXContainerItemProxy */;
		};
		60D39AAC22DDCAC200ADE659 /* PBXTargetDependency */ = {
			isa = PBXTargetDependency;
			target = 60D39A8A22DDCAC100ADE659 /* arufree */;
			targetProxy = 60D39AAB22DDCAC200ADE659 /* PBXContainerItemProxy */;
		};
/* End PBXTargetDependency section */

/* Begin PBXVariantGroup section */
		60D39A9222DDCAC100ADE659 /* Main.storyboard */ = {
			isa = PBXVariantGroup;
			children = (
				60D39A9322DDCAC100ADE659 /* Base */,
			);
			name = Main.storyboard;
			sourceTree = "<group>";
		};
		60D39A9722DDCAC100ADE659 /* LaunchScreen.storyboard */ = {
			isa = PBXVariantGroup;
			children = (
				60D39A9822DDCAC100ADE659 /* Base */,
			);
			name = LaunchScreen.storyboard;
			sourceTree = "<group>";
		};
/* End PBXVariantGroup section */

/* Begin XCBuildConfiguration section */
		60D39AB122DDCAC200ADE659 /* Debug */ = {
			isa = XCBuildConfiguration;
			buildSettings = {
				ALWAYS_SEARCH_USER_PATHS = NO;
				CLANG_ANALYZER_NONNULL = YES;
				CLANG_ANALYZER_NUMBER_OBJECT_CONVERSION = YES_AGGRESSIVE;
				CLANG_CXX_LANGUAGE_STANDARD = "gnu++14";
				CLANG_CXX_LIBRARY = "libc++";
				CLANG_ENABLE_MODULES = YES;
				CLANG_ENABLE_OBJC_ARC = YES;
				CLANG_ENABLE_OBJC_WEAK = YES;
				CLANG_WARN_BLOCK_CAPTURE_AUTORELEASING = YES;
				CLANG_WARN_BOOL_CONVERSION = YES;
				CLANG_WARN_COMMA = YES;
				CLANG_WARN_CONSTANT_CONVERSION = YES;
				CLANG_WARN_DEPRECATED_OBJC_IMPLEMENTATIONS = YES;
				CLANG_WARN_DIRECT_OBJC_ISA_USAGE = YES_ERROR;
				CLANG_WARN_DOCUMENTATION_COMMENTS = YES;
				CLANG_WARN_EMPTY_BODY = YES;
				CLANG_WARN_ENUM_CONVERSION = YES;
				CLANG_WARN_INFINITE_RECURSION = YES;
				CLANG_WARN_INT_CONVERSION = YES;
				CLANG_WARN_NON_LITERAL_NULL_CONVERSION = YES;
				CLANG_WARN_OBJC_IMPLICIT_RETAIN_SELF = YES;
				CLANG_WARN_OBJC_LITERAL_CONVERSION = YES;
				CLANG_WARN_OBJC_ROOT_CLASS = YES_ERROR;
				CLANG_WARN_RANGE_LOOP_ANALYSIS = YES;
				CLANG_WARN_STRICT_PROTOTYPES = YES;
				CLANG_WARN_SUSPICIOUS_MOVE = YES;
				CLANG_WARN_UNGUARDED_AVAILABILITY = YES_AGGRESSIVE;
				CLANG_WARN_UNREACHABLE_CODE = YES;
				CLANG_WARN__DUPLICATE_METHOD_MATCH = YES;
				CODE_SIGN_IDENTITY = "iPhone Developer";
				COPY_PHASE_STRIP = NO;
				DEBUG_INFORMATION_FORMAT = dwarf;
				ENABLE_STRICT_OBJC_MSGSEND = YES;
				ENABLE_TESTABILITY = YES;
				GCC_C_LANGUAGE_STANDARD = gnu11;
				GCC_DYNAMIC_NO_PIC = NO;
				GCC_NO_COMMON_BLOCKS = YES;
				GCC_OPTIMIZATION_LEVEL = 0;
				GCC_PREPROCESSOR_DEFINITIONS = (
					"DEBUG=1",
					"$(inherited)",
				);
				GCC_WARN_64_TO_32_BIT_CONVERSION = YES;
				GCC_WARN_ABOUT_RETURN_TYPE = YES_ERROR;
				GCC_WARN_UNDECLARED_SELECTOR = YES;
				GCC_WARN_UNINITIALIZED_AUTOS = YES_AGGRESSIVE;
				GCC_WARN_UNUSED_FUNCTION = YES;
				GCC_WARN_UNUSED_VARIABLE = YES;
				IPHONEOS_DEPLOYMENT_TARGET = 12.2;
				MTL_ENABLE_DEBUG_INFO = INCLUDE_SOURCE;
				MTL_FAST_MATH = YES;
				ONLY_ACTIVE_ARCH = YES;
				SDKROOT = iphoneos;
				SWIFT_ACTIVE_COMPILATION_CONDITIONS = DEBUG;
				SWIFT_OPTIMIZATION_LEVEL = "-Onone";
			};
			name = Debug;
		};
		60D39AB222DDCAC200ADE659 /* Release */ = {
			isa = XCBuildConfiguration;
			buildSettings = {
				ALWAYS_SEARCH_USER_PATHS = NO;
				CLANG_ANALYZER_NONNULL = YES;
				CLANG_ANALYZER_NUMBER_OBJECT_CONVERSION = YES_AGGRESSIVE;
				CLANG_CXX_LANGUAGE_STANDARD = "gnu++14";
				CLANG_CXX_LIBRARY = "libc++";
				CLANG_ENABLE_MODULES = YES;
				CLANG_ENABLE_OBJC_ARC = YES;
				CLANG_ENABLE_OBJC_WEAK = YES;
				CLANG_WARN_BLOCK_CAPTURE_AUTORELEASING = YES;
				CLANG_WARN_BOOL_CONVERSION = YES;
				CLANG_WARN_COMMA = YES;
				CLANG_WARN_CONSTANT_CONVERSION = YES;
				CLANG_WARN_DEPRECATED_OBJC_IMPLEMENTATIONS = YES;
				CLANG_WARN_DIRECT_OBJC_ISA_USAGE = YES_ERROR;
				CLANG_WARN_DOCUMENTATION_COMMENTS = YES;
				CLANG_WARN_EMPTY_BODY = YES;
				CLANG_WARN_ENUM_CONVERSION = YES;
				CLANG_WARN_INFINITE_RECURSION = YES;
				CLANG_WARN_INT_CONVERSION = YES;
				CLANG_WARN_NON_LITERAL_NULL_CONVERSION = YES;
				CLANG_WARN_OBJC_IMPLICIT_RETAIN_SELF = YES;
				CLANG_WARN_OBJC_LITERAL_CONVERSION = YES;
				CLANG_WARN_OBJC_ROOT_CLASS = YES_ERROR;
				CLANG_WARN_RANGE_LOOP_ANALYSIS = YES;
				CLANG_WARN_STRICT_PROTOTYPES = YES;
				CLANG_WARN_SUSPICIOUS_MOVE = YES;
				CLANG_WARN_UNGUARDED_AVAILABILITY = YES_AGGRESSIVE;
				CLANG_WARN_UNREACHABLE_CODE = YES;
				CLANG_WARN__DUPLICATE_METHOD_MATCH = YES;
				CODE_SIGN_IDENTITY = "iPhone Developer";
				COPY_PHASE_STRIP = NO;
				DEBUG_INFORMATION_FORMAT = "dwarf-with-dsym";
				ENABLE_NS_ASSERTIONS = NO;
				ENABLE_STRICT_OBJC_MSGSEND = YES;
				GCC_C_LANGUAGE_STANDARD = gnu11;
				GCC_NO_COMMON_BLOCKS = YES;
				GCC_WARN_64_TO_32_BIT_CONVERSION = YES;
				GCC_WARN_ABOUT_RETURN_TYPE = YES_ERROR;
				GCC_WARN_UNDECLARED_SELECTOR = YES;
				GCC_WARN_UNINITIALIZED_AUTOS = YES_AGGRESSIVE;
				GCC_WARN_UNUSED_FUNCTION = YES;
				GCC_WARN_UNUSED_VARIABLE = YES;
				IPHONEOS_DEPLOYMENT_TARGET = 12.2;
				MTL_ENABLE_DEBUG_INFO = NO;
				MTL_FAST_MATH = YES;
				SDKROOT = iphoneos;
				SWIFT_COMPILATION_MODE = wholemodule;
				SWIFT_OPTIMIZATION_LEVEL = "-O";
				VALIDATE_PRODUCT = YES;
			};
			name = Release;
		};
		60D39AB422DDCAC200ADE659 /* Debug */ = {
			isa = XCBuildConfiguration;
			buildSettings = {
				ASSETCATALOG_COMPILER_APPICON_NAME = AppIcon;
				CODE_SIGN_STYLE = Automatic;
				INFOPLIST_FILE = arufree/Info.plist;
				LD_RUNPATH_SEARCH_PATHS = (
					"$(inherited)",
					"@executable_path/Frameworks",
				);
				PRODUCT_BUNDLE_IDENTIFIER = jacobkim.arufree;
				PRODUCT_NAME = "$(TARGET_NAME)";
				SWIFT_VERSION = 5.0;
				TARGETED_DEVICE_FAMILY = "1,2";
			};
			name = Debug;
		};
		60D39AB522DDCAC200ADE659 /* Release */ = {
			isa = XCBuildConfiguration;
			buildSettings = {
				ASSETCATALOG_COMPILER_APPICON_NAME = AppIcon;
				CODE_SIGN_STYLE = Automatic;
				INFOPLIST_FILE = arufree/Info.plist;
				LD_RUNPATH_SEARCH_PATHS = (
					"$(inherited)",
					"@executable_path/Frameworks",
				);
				PRODUCT_BUNDLE_IDENTIFIER = jacobkim.arufree;
				PRODUCT_NAME = "$(TARGET_NAME)";
				SWIFT_VERSION = 5.0;
				TARGETED_DEVICE_FAMILY = "1,2";
			};
			name = Release;
		};
		60D39AB722DDCAC200ADE659 /* Debug */ = {
			isa = XCBuildConfiguration;
			buildSettings = {
				ALWAYS_EMBED_SWIFT_STANDARD_LIBRARIES = YES;
				BUNDLE_LOADER = "$(TEST_HOST)";
				CODE_SIGN_STYLE = Automatic;
				INFOPLIST_FILE = arufreeTests/Info.plist;
				LD_RUNPATH_SEARCH_PATHS = (
					"$(inherited)",
					"@executable_path/Frameworks",
					"@loader_path/Frameworks",
				);
				PRODUCT_BUNDLE_IDENTIFIER = jacobkim.arufreeTests;
				PRODUCT_NAME = "$(TARGET_NAME)";
				SWIFT_VERSION = 5.0;
				TARGETED_DEVICE_FAMILY = "1,2";
				TEST_HOST = "$(BUILT_PRODUCTS_DIR)/arufree.app/arufree";
			};
			name = Debug;
		};
		60D39AB822DDCAC200ADE659 /* Release */ = {
			isa = XCBuildConfiguration;
			buildSettings = {
				ALWAYS_EMBED_SWIFT_STANDARD_LIBRARIES = YES;
				BUNDLE_LOADER = "$(TEST_HOST)";
				CODE_SIGN_STYLE = Automatic;
				INFOPLIST_FILE = arufreeTests/Info.plist;
				LD_RUNPATH_SEARCH_PATHS = (
					"$(inherited)",
					"@executable_path/Frameworks",
					"@loader_path/Frameworks",
				);
				PRODUCT_BUNDLE_IDENTIFIER = jacobkim.arufreeTests;
				PRODUCT_NAME = "$(TARGET_NAME)";
				SWIFT_VERSION = 5.0;
				TARGETED_DEVICE_FAMILY = "1,2";
				TEST_HOST = "$(BUILT_PRODUCTS_DIR)/arufree.app/arufree";
			};
			name = Release;
		};
		60D39ABA22DDCAC200ADE659 /* Debug */ = {
			isa = XCBuildConfiguration;
			buildSettings = {
				ALWAYS_EMBED_SWIFT_STANDARD_LIBRARIES = YES;
				CODE_SIGN_STYLE = Automatic;
				INFOPLIST_FILE = arufreeUITests/Info.plist;
				LD_RUNPATH_SEARCH_PATHS = (
					"$(inherited)",
					"@executable_path/Frameworks",
					"@loader_path/Frameworks",
				);
				PRODUCT_BUNDLE_IDENTIFIER = jacobkim.arufreeUITests;
				PRODUCT_NAME = "$(TARGET_NAME)";
				SWIFT_VERSION = 5.0;
				TARGETED_DEVICE_FAMILY = "1,2";
				TEST_TARGET_NAME = arufree;
			};
			name = Debug;
		};
		60D39ABB22DDCAC200ADE659 /* Release */ = {
			isa = XCBuildConfiguration;
			buildSettings = {
				ALWAYS_EMBED_SWIFT_STANDARD_LIBRARIES = YES;
				CODE_SIGN_STYLE = Automatic;
				INFOPLIST_FILE = arufreeUITests/Info.plist;
				LD_RUNPATH_SEARCH_PATHS = (
					"$(inherited)",
					"@executable_path/Frameworks",
					"@loader_path/Frameworks",
				);
				PRODUCT_BUNDLE_IDENTIFIER = jacobkim.arufreeUITests;
				PRODUCT_NAME = "$(TARGET_NAME)";
				SWIFT_VERSION = 5.0;
				TARGETED_DEVICE_FAMILY = "1,2";
				TEST_TARGET_NAME = arufree;
			};
			name = Release;
		};
/* End XCBuildConfiguration section */

/* Begin XCConfigurationList section */
		60D39A8622DDCAC100ADE659 /* Build configuration list for PBXProject "arufree" */ = {
			isa = XCConfigurationList;
			buildConfigurations = (
				60D39AB122DDCAC200ADE659 /* Debug */,
				60D39AB222DDCAC200ADE659 /* Release */,
			);
			defaultConfigurationIsVisible = 0;
			defaultConfigurationName = Release;
		};
		60D39AB322DDCAC200ADE659 /* Build configuration list for PBXNativeTarget "arufree" */ = {
			isa = XCConfigurationList;
			buildConfigurations = (
				60D39AB422DDCAC200ADE659 /* Debug */,
				60D39AB522DDCAC200ADE659 /* Release */,
			);
			defaultConfigurationIsVisible = 0;
			defaultConfigurationName = Release;
		};
		60D39AB622DDCAC200ADE659 /* Build configuration list for PBXNativeTarget "arufreeTests" */ = {
			isa = XCConfigurationList;
			buildConfigurations = (
				60D39AB722DDCAC200ADE659 /* Debug */,
				60D39AB822DDCAC200ADE659 /* Release */,
			);
			defaultConfigurationIsVisible = 0;
			defaultConfigurationName = Release;
		};
		60D39AB922DDCAC200ADE659 /* Build configuration list for PBXNativeTarget "arufreeUITests" */ = {
			isa = XCConfigurationList;
			buildConfigurations = (
				60D39ABA22DDCAC200ADE659 /* Debug */,
				60D39ABB22DDCAC200ADE659 /* Release */,
			);
			defaultConfigurationIsVisible = 0;
			defaultConfigurationName = Release;
		};
/* End XCConfigurationList section */
	};
	rootObject = 60D39A8322DDCAC100ADE659 /* Project object */;
}
